
Microsoft Visual Studio Solution File, Format Version 12.00
# Visual Studio Version 16
VisualStudioVersion = 16.0.31729.503
MinimumVisualStudioVersion = 10.0.40219.1
Project("{FAE04EC0-301F-11D3-BF4B-00C04F79EFBC}") = "Project-OOP", "Project-OOP\Project-OOP.csproj", "{5AB99417-B293-4ABF-9BD8-9C2A6DA2E457}"
EndProject
Global
	GlobalSection(SolutionConfigurationPlatforms) = preSolution
		Debug|Any CPU = Debug|Any CPU
		Release|Any CPU = Release|Any CPU
	EndGlobalSection
	GlobalSection(ProjectConfigurationPlatforms) = postSolution
		{5AB99417-B293-4ABF-9BD8-9C2A6DA2E457}.Debug|Any CPU.ActiveCfg = Debug|Any CPU
		{5AB99417-B293-4ABF-9BD8-9C2A6DA2E457}.Debug|Any CPU.Build.0 = Debug|Any CPU
		{5AB99417-B293-4ABF-9BD8-9C2A6DA2E457}.Release|Any CPU.ActiveCfg = Release|Any CPU
		{5AB99417-B293-4ABF-9BD8-9C2A6DA2E457}.Release|Any CPU.Build.0 = Release|Any CPU
	EndGlobalSection
	GlobalSection(SolutionProperties) = preSolution
		HideSolutionNode = FALSE
	EndGlobalSection
	GlobalSection(ExtensibilityGlobals) = postSolution
		SolutionGuid = {91FA95BE-AA78-485C-BB4F-1D901271C433}
	EndGlobalSection
EndGlobal
